<?xml version="1.0" encoding="UTF-8" standalone="yes" ?>
<CodeBlocks_project_file>
	<FileVersion major="1" minor="6" />
	<Project>
		<Option title="model" />
		<Option pch_mode="2" />
		<Option compiler="gfortran" />
		<Build>
			<Target title="Debug">
				<Option output="bin/Debug/model" prefix_auto="1" extension_auto="1" />
				<Option object_output="obj/Debug/" />
				<Option type="3" />
				<Option compiler="gfortran" />
				<Option createDefFile="1" />
				<Option createStaticLib="1" />
				<Compiler>
					<Add option="-Wall" />
					<Add option="-DBUILD_DLL" />
					<Add option="-fPIC" />
					<Add option="-g" />
				</Compiler>
			</Target>
			<Target title="Release">
				<Option output="bin/Release/model" prefix_auto="1" extension_auto="1" />
				<Option object_output="obj/Release/" />
				<Option type="3" />
				<Option compiler="gfortran" />
				<Option createDefFile="1" />
				<Option createStaticLib="1" />
				<Compiler>
					<Add option="-Wall" />
					<Add option="-DBUILD_DLL" />
					<Add option="-fPIC" />
					<Add option="-O2" />
				</Compiler>
				<Linker>
					<Add option="-s" />
				</Linker>
			</Target>
		</Build>
		<Unit filename="BASGRA.DLL" />
		<Unit filename="BASGRA.f90" />
		<Unit filename="BASGRA_WG.DLL" />
		<Unit filename="compile_BASGRA_gfortran.bat" />
		<Unit filename="compile_BASGRA_gfortran_WG.bat" />
		<Unit filename="environment.f90" />
		<Unit filename="parameters_BC_example.txt" />
		<Unit filename="parameters_example.txt" />
		<Unit filename="parameters_plant.f90" />
		<Unit filename="parameters_site.f90" />
		<Unit filename="plant.f90" />
		<Unit filename="resources.f90" />
		<Unit filename="set_params.f90" />
		<Unit filename="soil.f90" />
		<Extensions>
			<code_completion />
			<envvars />
			<debugger />
		</Extensions>
	</Project>
</CodeBlocks_project_file>
